
Microsoft Visual Studio Solution File, Format Version 12.00
# Visual Studio Version 17
VisualStudioVersion = 17.5.33424.131
MinimumVisualStudioVersion = 10.0.40219.1
Project("{FAE04EC0-301F-11D3-BF4B-00C04F79EFBC}") = "PC-Master", "PC-Master\PC-Master.csproj", "{6B546ED7-55F3-42B6-89EB-F448A1E9FFD7}"
EndProject
Global
	GlobalSection(SolutionConfigurationPlatforms) = preSolution
		Debug|Any CPU = Debug|Any CPU
		Release|Any CPU = Release|Any CPU
	EndGlobalSection
	GlobalSection(ProjectConfigurationPlatforms) = postSolution
		{6B546ED7-55F3-42B6-89EB-F448A1E9FFD7}.Debug|Any CPU.ActiveCfg = Debug|Any CPU
		{6B546ED7-55F3-42B6-89EB-F448A1E9FFD7}.Debug|Any CPU.Build.0 = Debug|Any CPU
		{6B546ED7-55F3-42B6-89EB-F448A1E9FFD7}.Release|Any CPU.ActiveCfg = Release|Any CPU
		{6B546ED7-55F3-42B6-89EB-F448A1E9FFD7}.Release|Any CPU.Build.0 = Release|Any CPU
	EndGlobalSection
	GlobalSection(SolutionProperties) = preSolution
		HideSolutionNode = FALSE
	EndGlobalSection
	GlobalSection(ExtensibilityGlobals) = postSolution
		SolutionGuid = {E76C4C2B-F142-4AA6-B889-FFF64DA3EF06}
	EndGlobalSection
EndGlobal
